github.com/struCoder/pidusage v0.1.3 h1:pZcSa6asBE38TJtW0Nui6GeCjLTpaT/jAnNP7dUTLSQ=
github.com/struCoder/pidusage v0.1.3/go.mod h1:pWBlW3YuSwRl6h7R5KbvA4N8oOqe9LjaKW5CwT1SPjI=
github.com/struCoder/pidusage v0.2.1 h1:dFiEgUDkubeIj0XA1NpQ6+8LQmKrLi7NiIQl86E6BoY=
github.com/struCoder/pidusage v0.2.1/go.mod h1:bewtP2KUA1TBUyza5+/PCpSQ6sc/H6jJbIKAzqW86BA=
